// !$*UTF8*$!
{
	archiveVersion = 1;
	classes = {
	};
	objectVersion = 50;
	objects = {

/* Begin PBXBuildFile section */
		840AC5D021BE80AB004DCB26 /* AppDelegate.swift in Sources */ = {isa = PBXBuildFile; fileRef = 840AC5CF21BE80AB004DCB26 /* AppDelegate.swift */; };
		840AC5D221BE80AB004DCB26 /* ViewController.swift in Sources */ = {isa = PBXBuildFile; fileRef = 840AC5D121BE80AB004DCB26 /* ViewController.swift */; };
		840AC5D521BE80AB004DCB26 /* Main.storyboard in Resources */ = {isa = PBXBuildFile; fileRef = 840AC5D321BE80AB004DCB26 /* Main.storyboard */; };
		840AC5D721BE80AC004DCB26 /* Assets.xcassets in Resources */ = {isa = PBXBuildFile; fileRef = 840AC5D621BE80AC004DCB26 /* Assets.xcassets */; };
		840AC5DA21BE80AC004DCB26 /* LaunchScreen.storyboard in Resources */ = {isa = PBXBuildFile; fileRef = 840AC5D821BE80AC004DCB26 /* LaunchScreen.storyboard */; };
		840AC5E521BE80AC004DCB26 /* MagicFinmartTests.swift in Sources */ = {isa = PBXBuildFile; fileRef = 840AC5E421BE80AC004DCB26 /* MagicFinmartTests.swift */; };
		840AC5F021BE80AC004DCB26 /* MagicFinmartUITests.swift in Sources */ = {isa = PBXBuildFile; fileRef = 840AC5EF21BE80AC004DCB26 /* MagicFinmartUITests.swift */; };
/* End PBXBuildFile section */

/* Begin PBXContainerItemProxy section */
		840AC5E121BE80AC004DCB26 /* PBXContainerItemProxy */ = {
			isa = PBXContainerItemProxy;
			containerPortal = 840AC5C421BE80AB004DCB26 /* Project object */;
			proxyType = 1;
			remoteGlobalIDString = 840AC5CB21BE80AB004DCB26;
			remoteInfo = MagicFinmart;
		};
		840AC5EC21BE80AC004DCB26 /* PBXContainerItemProxy */ = {
			isa = PBXContainerItemProxy;
			containerPortal = 840AC5C421BE80AB004DCB26 /* Project object */;
			proxyType = 1;
			remoteGlobalIDString = 840AC5CB21BE80AB004DCB26;
			remoteInfo = MagicFinmart;
		};
/* End PBXContainerItemProxy section */

/* Begin PBXFileReference section */
		840AC5CC21BE80AB004DCB26 /* MagicFinmart.app */ = {isa = PBXFileReference; explicitFileType = wrapper.application; includeInIndex = 0; path = MagicFinmart.app; sourceTree = BUILT_PRODUCTS_DIR; };
		840AC5CF21BE80AB004DCB26 /* AppDelegate.swift */ = {isa = PBXFileReference; lastKnownFileType = sourcecode.swift; path = AppDelegate.swift; sourceTree = "<group>"; };
		840AC5D121BE80AB004DCB26 /* ViewController.swift */ = {isa = PBXFileReference; lastKnownFileType = sourcecode.swift; path = ViewController.swift; sourceTree = "<group>"; };
		840AC5D421BE80AB004DCB26 /* Base */ = {isa = PBXFileReference; lastKnownFileType = file.storyboard; name = Base; path = Base.lproj/Main.storyboard; sourceTree = "<group>"; };
		840AC5D621BE80AC004DCB26 /* Assets.xcassets */ = {isa = PBXFileReference; lastKnownFileType = folder.assetcatalog; path = Assets.xcassets; sourceTree = "<group>"; };
		840AC5D921BE80AC004DCB26 /* Base */ = {isa = PBXFileReference; lastKnownFileType = file.storyboard; name = Base; path = Base.lproj/LaunchScreen.storyboard; sourceTree = "<group>"; };
		840AC5DB21BE80AC004DCB26 /* Info.plist */ = {isa = PBXFileReference; lastKnownFileType = text.plist.xml; path = Info.plist; sourceTree = "<group>"; };
		840AC5E021BE80AC004DCB26 /* MagicFinmartTests.xctest */ = {isa = PBXFileReference; explicitFileType = wrapper.cfbundle; includeInIndex = 0; path = MagicFinmartTests.xctest; sourceTree = BUILT_PRODUCTS_DIR; };
		840AC5E421BE80AC004DCB26 /* MagicFinmartTests.swift */ = {isa = PBXFileReference; lastKnownFileType = sourcecode.swift; path = MagicFinmartTests.swift; sourceTree = "<group>"; };
		840AC5E621BE80AC004DCB26 /* Info.plist */ = {isa = PBXFileReference; lastKnownFileType = text.plist.xml; path = Info.plist; sourceTree = "<group>"; };
		840AC5EB21BE80AC004DCB26 /* MagicFinmartUITests.xctest */ = {isa = PBXFileReference; explicitFileType = wrapper.cfbundle; includeInIndex = 0; path = MagicFinmartUITests.xctest; sourceTree = BUILT_PRODUCTS_DIR; };
		840AC5EF21BE80AC004DCB26 /* MagicFinmartUITests.swift */ = {isa = PBXFileReference; lastKnownFileType = sourcecode.swift; path = MagicFinmartUITests.swift; sourceTree = "<group>"; };
		840AC5F121BE80AC004DCB26 /* Info.plist */ = {isa = PBXFileReference; lastKnownFileType = text.plist.xml; path = Info.plist; sourceTree = "<group>"; };
/* End PBXFileReference section */

/* Begin PBXFrameworksBuildPhase section */
		840AC5C921BE80AB004DCB26 /* Frameworks */ = {
			isa = PBXFrameworksBuildPhase;
			buildActionMask = 2147483647;
			files = (
			);
			runOnlyForDeploymentPostprocessing = 0;
		};
		840AC5DD21BE80AC004DCB26 /* Frameworks */ = {
			isa = PBXFrameworksBuildPhase;
			buildActionMask = 2147483647;
			files = (
			);
			runOnlyForDeploymentPostprocessing = 0;
		};
		840AC5E821BE80AC004DCB26 /* Frameworks */ = {
			isa = PBXFrameworksBuildPhase;
			buildActionMask = 2147483647;
			files = (
			);
			runOnlyForDeploymentPostprocessing = 0;
		};
/* End PBXFrameworksBuildPhase section */

/* Begin PBXGroup section */
		840AC5C321BE80AB004DCB26 = {
			isa = PBXGroup;
			children = (
				840AC5CE21BE80AB004DCB26 /* MagicFinmart */,
				840AC5E321BE80AC004DCB26 /* MagicFinmartTests */,
				840AC5EE21BE80AC004DCB26 /* MagicFinmartUITests */,
				840AC5CD21BE80AB004DCB26 /* Products */,
			);
			sourceTree = "<group>";
		};
		840AC5CD21BE80AB004DCB26 /* Products */ = {
			isa = PBXGroup;
			children = (
				840AC5CC21BE80AB004DCB26 /* MagicFinmart.app */,
				840AC5E021BE80AC004DCB26 /* MagicFinmartTests.xctest */,
				840AC5EB21BE80AC004DCB26 /* MagicFinmartUITests.xctest */,
			);
			name = Products;
			sourceTree = "<group>";
		};
		840AC5CE21BE80AB004DCB26 /* MagicFinmart */ = {
			isa = PBXGroup;
			children = (
				840AC5CF21BE80AB004DCB26 /* AppDelegate.swift */,
				840AC5D121BE80AB004DCB26 /* ViewController.swift */,
				840AC5D321BE80AB004DCB26 /* Main.storyboard */,
				840AC5D621BE80AC004DCB26 /* Assets.xcassets */,
				840AC5D821BE80AC004DCB26 /* LaunchScreen.storyboard */,
				840AC5DB21BE80AC004DCB26 /* Info.plist */,
			);
			path = MagicFinmart;
			sourceTree = "<group>";
		};
		840AC5E321BE80AC004DCB26 /* MagicFinmartTests */ = {
			isa = PBXGroup;
			children = (
				840AC5E421BE80AC004DCB26 /* MagicFinmartTests.swift */,
				840AC5E621BE80AC004DCB26 /* Info.plist */,
			);
			path = MagicFinmartTests;
			sourceTree = "<group>";
		};
		840AC5EE21BE80AC004DCB26 /* MagicFinmartUITests */ = {
			isa = PBXGroup;
			children = (
				840AC5EF21BE80AC004DCB26 /* MagicFinmartUITests.swift */,
				840AC5F121BE80AC004DCB26 /* Info.plist */,
			);
			path = MagicFinmartUITests;
			sourceTree = "<group>";
		};
/* End PBXGroup section */

/* Begin PBXNativeTarget section */
		840AC5CB21BE80AB004DCB26 /* MagicFinmart */ = {
			isa = PBXNativeTarget;
			buildConfigurationList = 840AC5F421BE80AC004DCB26 /* Build configuration list for PBXNativeTarget "MagicFinmart" */;
			buildPhases = (
				840AC5C821BE80AB004DCB26 /* Sources */,
				840AC5C921BE80AB004DCB26 /* Frameworks */,
				840AC5CA21BE80AB004DCB26 /* Resources */,
			);
			buildRules = (
			);
			dependencies = (
			);
			name = MagicFinmart;
			productName = MagicFinmart;
			productReference = 840AC5CC21BE80AB004DCB26 /* MagicFinmart.app */;
			productType = "com.apple.product-type.application";
		};
		840AC5DF21BE80AC004DCB26 /* MagicFinmartTests */ = {
			isa = PBXNativeTarget;
			buildConfigurationList = 840AC5F721BE80AC004DCB26 /* Build configuration list for PBXNativeTarget "MagicFinmartTests" */;
			buildPhases = (
				840AC5DC21BE80AC004DCB26 /* Sources */,
				840AC5DD21BE80AC004DCB26 /* Frameworks */,
				840AC5DE21BE80AC004DCB26 /* Resources */,
			);
			buildRules = (
			);
			dependencies = (
				840AC5E221BE80AC004DCB26 /* PBXTargetDependency */,
			);
			name = MagicFinmartTests;
			productName = MagicFinmartTests;
			productReference = 840AC5E021BE80AC004DCB26 /* MagicFinmartTests.xctest */;
			productType = "com.apple.product-type.bundle.unit-test";
		};
		840AC5EA21BE80AC004DCB26 /* MagicFinmartUITests */ = {
			isa = PBXNativeTarget;
			buildConfigurationList = 840AC5FA21BE80AC004DCB26 /* Build configuration list for PBXNativeTarget "MagicFinmartUITests" */;
			buildPhases = (
				840AC5E721BE80AC004DCB26 /* Sources */,
				840AC5E821BE80AC004DCB26 /* Frameworks */,
				840AC5E921BE80AC004DCB26 /* Resources */,
			);
			buildRules = (
			);
			dependencies = (
				840AC5ED21BE80AC004DCB26 /* PBXTargetDependency */,
			);
			name = MagicFinmartUITests;
			productName = MagicFinmartUITests;
			productReference = 840AC5EB21BE80AC004DCB26 /* MagicFinmartUITests.xctest */;
			productType = "com.apple.product-type.bundle.ui-testing";
		};
/* End PBXNativeTarget section */

/* Begin PBXProject section */
		840AC5C421BE80AB004DCB26 /* Project object */ = {
			isa = PBXProject;
			attributes = {
				LastSwiftUpdateCheck = 1010;
				LastUpgradeCheck = 1010;
				ORGANIZATIONNAME = Admin;
				TargetAttributes = {
					840AC5CB21BE80AB004DCB26 = {
						CreatedOnToolsVersion = 10.1;
					};
					840AC5DF21BE80AC004DCB26 = {
						CreatedOnToolsVersion = 10.1;
						TestTargetID = 840AC5CB21BE80AB004DCB26;
					};
					840AC5EA21BE80AC004DCB26 = {
						CreatedOnToolsVersion = 10.1;
						TestTargetID = 840AC5CB21BE80AB004DCB26;
					};
				};
			};
			buildConfigurationList = 840AC5C721BE80AB004DCB26 /* Build configuration list for PBXProject "MagicFinmart" */;
			compatibilityVersion = "Xcode 9.3";
			developmentRegion = en;
			hasScannedForEncodings = 0;
			knownRegions = (
				en,
				Base,
			);
			mainGroup = 840AC5C321BE80AB004DCB26;
			productRefGroup = 840AC5CD21BE80AB004DCB26 /* Products */;
			projectDirPath = "";
			projectRoot = "";
			targets = (
				840AC5CB21BE80AB004DCB26 /* MagicFinmart */,
				840AC5DF21BE80AC004DCB26 /* MagicFinmartTests */,
				840AC5EA21BE80AC004DCB26 /* MagicFinmartUITests */,
			);
		};
/* End PBXProject section */

/* Begin PBXResourcesBuildPhase section */
		840AC5CA21BE80AB004DCB26 /* Resources */ = {
			isa = PBXResourcesBuildPhase;
			buildActionMask = 2147483647;
			files = (
				840AC5DA21BE80AC004DCB26 /* LaunchScreen.storyboard in Resources */,
				840AC5D721BE80AC004DCB26 /* Assets.xcassets in Resources */,
				840AC5D521BE80AB004DCB26 /* Main.storyboard in Resources */,
			);
			runOnlyForDeploymentPostprocessing = 0;
		};
		840AC5DE21BE80AC004DCB26 /* Resources */ = {
			isa = PBXResourcesBuildPhase;
			buildActionMask = 2147483647;
			files = (
			);
			runOnlyForDeploymentPostprocessing = 0;
		};
		840AC5E921BE80AC004DCB26 /* Resources */ = {
			isa = PBXResourcesBuildPhase;
			buildActionMask = 2147483647;
			files = (
			);
			runOnlyForDeploymentPostprocessing = 0;
		};
/* End PBXResourcesBuildPhase section */

/* Begin PBXSourcesBuildPhase section */
		840AC5C821BE80AB004DCB26 /* Sources */ = {
			isa = PBXSourcesBuildPhase;
			buildActionMask = 2147483647;
			files = (
				840AC5D221BE80AB004DCB26 /* ViewController.swift in Sources */,
				840AC5D021BE80AB004DCB26 /* AppDelegate.swift in Sources */,
			);
			runOnlyForDeploymentPostprocessing = 0;
		};
		840AC5DC21BE80AC004DCB26 /* Sources */ = {
			isa = PBXSourcesBuildPhase;
			buildActionMask = 2147483647;
			files = (
				840AC5E521BE80AC004DCB26 /* MagicFinmartTests.swift in Sources */,
			);
			runOnlyForDeploymentPostprocessing = 0;
		};
		840AC5E721BE80AC004DCB26 /* Sources */ = {
			isa = PBXSourcesBuildPhase;
			buildActionMask = 2147483647;
			files = (
				840AC5F021BE80AC004DCB26 /* MagicFinmartUITests.swift in Sources */,
			);
			runOnlyForDeploymentPostprocessing = 0;
		};
/* End PBXSourcesBuildPhase section */

/* Begin PBXTargetDependency section */
		840AC5E221BE80AC004DCB26 /* PBXTargetDependency */ = {
			isa = PBXTargetDependency;
			target = 840AC5CB21BE80AB004DCB26 /* MagicFinmart */;
			targetProxy = 840AC5E121BE80AC004DCB26 /* PBXContainerItemProxy */;
		};
		840AC5ED21BE80AC004DCB26 /* PBXTargetDependency */ = {
			isa = PBXTargetDependency;
			target = 840AC5CB21BE80AB004DCB26 /* MagicFinmart */;
			targetProxy = 840AC5EC21BE80AC004DCB26 /* PBXContainerItemProxy */;
		};
/* End PBXTargetDependency section */

/* Begin PBXVariantGroup section */
		840AC5D321BE80AB004DCB26 /* Main.storyboard */ = {
			isa = PBXVariantGroup;
			children = (
				840AC5D421BE80AB004DCB26 /* Base */,
			);
			name = Main.storyboard;
			sourceTree = "<group>";
		};
		840AC5D821BE80AC004DCB26 /* LaunchScreen.storyboard */ = {
			isa = PBXVariantGroup;
			children = (
				840AC5D921BE80AC004DCB26 /* Base */,
			);
			name = LaunchScreen.storyboard;
			sourceTree = "<group>";
		};
/* End PBXVariantGroup section */

/* Begin XCBuildConfiguration section */
		840AC5F221BE80AC004DCB26 /* Debug */ = {
			isa = XCBuildConfiguration;
			buildSettings = {
				ALWAYS_SEARCH_USER_PATHS = NO;
				CLANG_ANALYZER_NONNULL = YES;
				CLANG_ANALYZER_NUMBER_OBJECT_CONVERSION = YES_AGGRESSIVE;
				CLANG_CXX_LANGUAGE_STANDARD = "gnu++14";
				CLANG_CXX_LIBRARY = "libc++";
				CLANG_ENABLE_MODULES = YES;
				CLANG_ENABLE_OBJC_ARC = YES;
				CLANG_ENABLE_OBJC_WEAK = YES;
				CLANG_WARN_BLOCK_CAPTURE_AUTORELEASING = YES;
				CLANG_WARN_BOOL_CONVERSION = YES;
				CLANG_WARN_COMMA = YES;
				CLANG_WARN_CONSTANT_CONVERSION = YES;
				CLANG_WARN_DEPRECATED_OBJC_IMPLEMENTATIONS = YES;
				CLANG_WARN_DIRECT_OBJC_ISA_USAGE = YES_ERROR;
				CLANG_WARN_DOCUMENTATION_COMMENTS = YES;
				CLANG_WARN_EMPTY_BODY = YES;
				CLANG_WARN_ENUM_CONVERSION = YES;
				CLANG_WARN_INFINITE_RECURSION = YES;
				CLANG_WARN_INT_CONVERSION = YES;
				CLANG_WARN_NON_LITERAL_NULL_CONVERSION = YES;
				CLANG_WARN_OBJC_IMPLICIT_RETAIN_SELF = YES;
				CLANG_WARN_OBJC_LITERAL_CONVERSION = YES;
				CLANG_WARN_OBJC_ROOT_CLASS = YES_ERROR;
				CLANG_WARN_RANGE_LOOP_ANALYSIS = YES;
				CLANG_WARN_STRICT_PROTOTYPES = YES;
				CLANG_WARN_SUSPICIOUS_MOVE = YES;
				CLANG_WARN_UNGUARDED_AVAILABILITY = YES_AGGRESSIVE;
				CLANG_WARN_UNREACHABLE_CODE = YES;
				CLANG_WARN__DUPLICATE_METHOD_MATCH = YES;
				CODE_SIGN_IDENTITY = "iPhone Developer";
				COPY_PHASE_STRIP = NO;
				DEBUG_INFORMATION_FORMAT = dwarf;
				ENABLE_STRICT_OBJC_MSGSEND = YES;
				ENABLE_TESTABILITY = YES;
				GCC_C_LANGUAGE_STANDARD = gnu11;
				GCC_DYNAMIC_NO_PIC = NO;
				GCC_NO_COMMON_BLOCKS = YES;
				GCC_OPTIMIZATION_LEVEL = 0;
				GCC_PREPROCESSOR_DEFINITIONS = (
					"DEBUG=1",
					"$(inherited)",
				);
				GCC_WARN_64_TO_32_BIT_CONVERSION = YES;
				GCC_WARN_ABOUT_RETURN_TYPE = YES_ERROR;
				GCC_WARN_UNDECLARED_SELECTOR = YES;
				GCC_WARN_UNINITIALIZED_AUTOS = YES_AGGRESSIVE;
				GCC_WARN_UNUSED_FUNCTION = YES;
				GCC_WARN_UNUSED_VARIABLE = YES;
				IPHONEOS_DEPLOYMENT_TARGET = 12.1;
				MTL_ENABLE_DEBUG_INFO = INCLUDE_SOURCE;
				MTL_FAST_MATH = YES;
				ONLY_ACTIVE_ARCH = YES;
				SDKROOT = iphoneos;
				SWIFT_ACTIVE_COMPILATION_CONDITIONS = DEBUG;
				SWIFT_OPTIMIZATION_LEVEL = "-Onone";
			};
			name = Debug;
		};
		840AC5F321BE80AC004DCB26 /* Release */ = {
			isa = XCBuildConfiguration;
			buildSettings = {
				ALWAYS_SEARCH_USER_PATHS = NO;
				CLANG_ANALYZER_NONNULL = YES;
				CLANG_ANALYZER_NUMBER_OBJECT_CONVERSION = YES_AGGRESSIVE;
				CLANG_CXX_LANGUAGE_STANDARD = "gnu++14";
				CLANG_CXX_LIBRARY = "libc++";
				CLANG_ENABLE_MODULES = YES;
				CLANG_ENABLE_OBJC_ARC = YES;
				CLANG_ENABLE_OBJC_WEAK = YES;
				CLANG_WARN_BLOCK_CAPTURE_AUTORELEASING = YES;
				CLANG_WARN_BOOL_CONVERSION = YES;
				CLANG_WARN_COMMA = YES;
				CLANG_WARN_CONSTANT_CONVERSION = YES;
				CLANG_WARN_DEPRECATED_OBJC_IMPLEMENTATIONS = YES;
				CLANG_WARN_DIRECT_OBJC_ISA_USAGE = YES_ERROR;
				CLANG_WARN_DOCUMENTATION_COMMENTS = YES;
				CLANG_WARN_EMPTY_BODY = YES;
				CLANG_WARN_ENUM_CONVERSION = YES;
				CLANG_WARN_INFINITE_RECURSION = YES;
				CLANG_WARN_INT_CONVERSION = YES;
				CLANG_WARN_NON_LITERAL_NULL_CONVERSION = YES;
				CLANG_WARN_OBJC_IMPLICIT_RETAIN_SELF = YES;
				CLANG_WARN_OBJC_LITERAL_CONVERSION = YES;
				CLANG_WARN_OBJC_ROOT_CLASS = YES_ERROR;
				CLANG_WARN_RANGE_LOOP_ANALYSIS = YES;
				CLANG_WARN_STRICT_PROTOTYPES = YES;
				CLANG_WARN_SUSPICIOUS_MOVE = YES;
				CLANG_WARN_UNGUARDED_AVAILABILITY = YES_AGGRESSIVE;
				CLANG_WARN_UNREACHABLE_CODE = YES;
				CLANG_WARN__DUPLICATE_METHOD_MATCH = YES;
				CODE_SIGN_IDENTITY = "iPhone Developer";
				COPY_PHASE_STRIP = NO;
				DEBUG_INFORMATION_FORMAT = "dwarf-with-dsym";
				ENABLE_NS_ASSERTIONS = NO;
				ENABLE_STRICT_OBJC_MSGSEND = YES;
				GCC_C_LANGUAGE_STANDARD = gnu11;
				GCC_NO_COMMON_BLOCKS = YES;
				GCC_WARN_64_TO_32_BIT_CONVERSION = YES;
				GCC_WARN_ABOUT_RETURN_TYPE = YES_ERROR;
				GCC_WARN_UNDECLARED_SELECTOR = YES;
				GCC_WARN_UNINITIALIZED_AUTOS = YES_AGGRESSIVE;
				GCC_WARN_UNUSED_FUNCTION = YES;
				GCC_WARN_UNUSED_VARIABLE = YES;
				IPHONEOS_DEPLOYMENT_TARGET = 12.1;
				MTL_ENABLE_DEBUG_INFO = NO;
				MTL_FAST_MATH = YES;
				SDKROOT = iphoneos;
				SWIFT_COMPILATION_MODE = wholemodule;
				SWIFT_OPTIMIZATION_LEVEL = "-O";
				VALIDATE_PRODUCT = YES;
			};
			name = Release;
		};
		840AC5F521BE80AC004DCB26 /* Debug */ = {
			isa = XCBuildConfiguration;
			buildSettings = {
				ASSETCATALOG_COMPILER_APPICON_NAME = AppIcon;
				CODE_SIGN_STYLE = Automatic;
				DEVELOPMENT_TEAM = 4H8A83QQEE;
				INFOPLIST_FILE = MagicFinmart/Info.plist;
				LD_RUNPATH_SEARCH_PATHS = (
					"$(inherited)",
					"@executable_path/Frameworks",
				);
				PRODUCT_BUNDLE_IDENTIFIER = com.Landmark.MagicFinmart;
				PRODUCT_NAME = "$(TARGET_NAME)";
				SWIFT_VERSION = 4.2;
				TARGETED_DEVICE_FAMILY = "1,2";
			};
			name = Debug;
		};
		840AC5F621BE80AC004DCB26 /* Release */ = {
			isa = XCBuildConfiguration;
			buildSettings = {
				ASSETCATALOG_COMPILER_APPICON_NAME = AppIcon;
				CODE_SIGN_STYLE = Automatic;
				DEVELOPMENT_TEAM = 4H8A83QQEE;
				INFOPLIST_FILE = MagicFinmart/Info.plist;
				LD_RUNPATH_SEARCH_PATHS = (
					"$(inherited)",
					"@executable_path/Frameworks",
				);
				PRODUCT_BUNDLE_IDENTIFIER = com.Landmark.MagicFinmart;
				PRODUCT_NAME = "$(TARGET_NAME)";
				SWIFT_VERSION = 4.2;
				TARGETED_DEVICE_FAMILY = "1,2";
			};
			name = Release;
		};
		840AC5F821BE80AC004DCB26 /* Debug */ = {
			isa = XCBuildConfiguration;
			buildSettings = {
				ALWAYS_EMBED_SWIFT_STANDARD_LIBRARIES = YES;
				BUNDLE_LOADER = "$(TEST_HOST)";
				CODE_SIGN_STYLE = Automatic;
				DEVELOPMENT_TEAM = 4H8A83QQEE;
				INFOPLIST_FILE = MagicFinmartTests/Info.plist;
				LD_RUNPATH_SEARCH_PATHS = (
					"$(inherited)",
					"@executable_path/Frameworks",
					"@loader_path/Frameworks",
				);
				PRODUCT_BUNDLE_IDENTIFIER = com.Landmark.MagicFinmartTests;
				PRODUCT_NAME = "$(TARGET_NAME)";
				SWIFT_VERSION = 4.2;
				TARGETED_DEVICE_FAMILY = "1,2";
				TEST_HOST = "$(BUILT_PRODUCTS_DIR)/MagicFinmart.app/MagicFinmart";
			};
			name = Debug;
		};
		840AC5F921BE80AC004DCB26 /* Release */ = {
			isa = XCBuildConfiguration;
			buildSettings = {
				ALWAYS_EMBED_SWIFT_STANDARD_LIBRARIES = YES;
				BUNDLE_LOADER = "$(TEST_HOST)";
				CODE_SIGN_STYLE = Automatic;
				DEVELOPMENT_TEAM = 4H8A83QQEE;
				INFOPLIST_FILE = MagicFinmartTests/Info.plist;
				LD_RUNPATH_SEARCH_PATHS = (
					"$(inherited)",
					"@executable_path/Frameworks",
					"@loader_path/Frameworks",
				);
				PRODUCT_BUNDLE_IDENTIFIER = com.Landmark.MagicFinmartTests;
				PRODUCT_NAME = "$(TARGET_NAME)";
				SWIFT_VERSION = 4.2;
				TARGETED_DEVICE_FAMILY = "1,2";
				TEST_HOST = "$(BUILT_PRODUCTS_DIR)/MagicFinmart.app/MagicFinmart";
			};
			name = Release;
		};
		840AC5FB21BE80AC004DCB26 /* Debug */ = {
			isa = XCBuildConfiguration;
			buildSettings = {
				ALWAYS_EMBED_SWIFT_STANDARD_LIBRARIES = YES;
				CODE_SIGN_STYLE = Automatic;
				DEVELOPMENT_TEAM = 4H8A83QQEE;
				INFOPLIST_FILE = MagicFinmartUITests/Info.plist;
				LD_RUNPATH_SEARCH_PATHS = (
					"$(inherited)",
					"@executable_path/Frameworks",
					"@loader_path/Frameworks",
				);
				PRODUCT_BUNDLE_IDENTIFIER = com.Landmark.MagicFinmartUITests;
				PRODUCT_NAME = "$(TARGET_NAME)";
				SWIFT_VERSION = 4.2;
				TARGETED_DEVICE_FAMILY = "1,2";
				TEST_TARGET_NAME = MagicFinmart;
			};
			name = Debug;
		};
		840AC5FC21BE80AC004DCB26 /* Release */ = {
			isa = XCBuildConfiguration;
			buildSettings = {
				ALWAYS_EMBED_SWIFT_STANDARD_LIBRARIES = YES;
				CODE_SIGN_STYLE = Automatic;
				DEVELOPMENT_TEAM = 4H8A83QQEE;
				INFOPLIST_FILE = MagicFinmartUITests/Info.plist;
				LD_RUNPATH_SEARCH_PATHS = (
					"$(inherited)",
					"@executable_path/Frameworks",
					"@loader_path/Frameworks",
				);
				PRODUCT_BUNDLE_IDENTIFIER = com.Landmark.MagicFinmartUITests;
				PRODUCT_NAME = "$(TARGET_NAME)";
				SWIFT_VERSION = 4.2;
				TARGETED_DEVICE_FAMILY = "1,2";
				TEST_TARGET_NAME = MagicFinmart;
			};
			name = Release;
		};
/* End XCBuildConfiguration section */

/* Begin XCConfigurationList section */
		840AC5C721BE80AB004DCB26 /* Build configuration list for PBXProject "MagicFinmart" */ = {
			isa = XCConfigurationList;
			buildConfigurations = (
				840AC5F221BE80AC004DCB26 /* Debug */,
				840AC5F321BE80AC004DCB26 /* Release */,
			);
			defaultConfigurationIsVisible = 0;
			defaultConfigurationName = Release;
		};
		840AC5F421BE80AC004DCB26 /* Build configuration list for PBXNativeTarget "MagicFinmart" */ = {
			isa = XCConfigurationList;
			buildConfigurations = (
				840AC5F521BE80AC004DCB26 /* Debug */,
				840AC5F621BE80AC004DCB26 /* Release */,
			);
			defaultConfigurationIsVisible = 0;
			defaultConfigurationName = Release;
		};
		840AC5F721BE80AC004DCB26 /* Build configuration list for PBXNativeTarget "MagicFinmartTests" */ = {
			isa = XCConfigurationList;
			buildConfigurations = (
				840AC5F821BE80AC004DCB26 /* Debug */,
				840AC5F921BE80AC004DCB26 /* Release */,
			);
			defaultConfigurationIsVisible = 0;
			defaultConfigurationName = Release;
		};
		840AC5FA21BE80AC004DCB26 /* Build configuration list for PBXNativeTarget "MagicFinmartUITests" */ = {
			isa = XCConfigurationList;
			buildConfigurations = (
				840AC5FB21BE80AC004DCB26 /* Debug */,
				840AC5FC21BE80AC004DCB26 /* Release */,
			);
			defaultConfigurationIsVisible = 0;
			defaultConfigurationName = Release;
		};
/* End XCConfigurationList section */
	};
	rootObject = 840AC5C421BE80AB004DCB26 /* Project object */;
}
